{
  "requires": true,
  "lockfileVersion": 1,
  "dependencies": {
    "prettier": {
      "version": "3.0.3",
      "resolved": "https://registry.npmjs.org/prettier/-/prettier-3.0.3.tgz",
      "integrity": "sha512-L/4pUDMxcNa8R/EthV08Zt42WBO4h1rarVtK0K+QJG0X187OLo7l699jWw0GKuwzkPQ//jMFA/8Xm6Fh3J/DAg==",
      "dev": true
    },
    "prettier-plugin-ruby": {
      "version": "0.3.1",
      "resolved": "https://registry.npmjs.org/prettier-plugin-ruby/-/prettier-plugin-ruby-0.3.1.tgz",
      "integrity": "sha512-ASJ+YpeFeSiHEU2eR1goWLqusRqSIpb2J9Fsh6loDJ8lx09peKKoV6w5ZnO5ggHBz5UHyd2HNe8Wr1gApSXXHA==",
      "dev": true,
      "requires": {
        "prettier": "^1.16.4"
      },
      "dependencies": {
        "prettier": {
          "version": "1.19.1",
          "resolved": "https://registry.npmjs.org/prettier/-/prettier-1.19.1.tgz",
          "integrity": "sha512-s7PoyDv/II1ObgQunCbB9PdLmUcBZcnWOcxDh7O0N/UwDEsHyqkW+Qh28jW+mVuCdx7gLB0BotYI1Y6uI9iyew==",
          "dev": true
        }
      }
    }
  }
}
